{
  "name": "myfirstassemblyscript",
  "version": "1.0.0",
  "lockfileVersion": 1,
  "requires": true,
  "dependencies": {
    "assemblyscript": {
      "version": "0.25.2",
      "resolved": "https://registry.npmjs.org/assemblyscript/-/assemblyscript-0.25.2.tgz",
      "integrity": "sha512-67TQOMvKo23htvSK6lhOzsoQjnplNKkdwgq925uBvQZLDbg9pHfAWhg/R8i8tqKrtk6GH8haOJbQY4oNSQqehA==",
      "requires": {
        "binaryen": "110.0.0-nightly.20221105",
        "long": "^5.2.0"
      }
    },
    "binaryen": {
      "version": "110.0.0-nightly.20221105",
      "resolved": "https://registry.npmjs.org/binaryen/-/binaryen-110.0.0-nightly.20221105.tgz",
      "integrity": "sha512-OBESOc51q3SwgG8Uv8nMzGnSq7LJpSB/Fu8B3AjlZg6YtCEwRnlDWlnwNB6mdql+VdexfKmNcsrs4K7MYidmdQ=="
    },
    "long": {
      "version": "5.2.1",
      "resolved": "https://registry.npmjs.org/long/-/long-5.2.1.tgz",
      "integrity": "sha512-GKSNGeNAtw8IryjjkhZxuKB3JzlcLTwjtiQCHKvqQet81I93kXslhDQruGI/QsddO83mcDToBVy7GqGS/zYf/A=="
    }
  }
}
